{
  "nodes": {
    "nixpkgs": {
      "locked": {
        "lastModified": 1653341373,
        "narHash": "sha256-kj3mWUWgkm5bZmG+l///NmLhJcD9x0c2B+OfkUy7+pY=",
        "owner": "NixOS",
        "repo": "nixpkgs",
        "rev": "7c7d71d90e7d715847809a65fa2463c668e58ab3",
        "type": "github"
      },
      "original": {
        "owner": "NixOS",
        "repo": "nixpkgs",
        "type": "github"
      }
    },
    "root": {
      "inputs": {
        "nixpkgs": "nixpkgs"
      }
    }
  },
  "root": "root",
  "version": 7
}
